
Microsoft Visual Studio Solution File, Format Version 12.00
# Visual Studio 15
VisualStudioVersion = 15.0.27004.2009
MinimumVisualStudioVersion = 10.0.40219.1
Project("{FAE04EC0-301F-11D3-BF4B-00C04F79EFBC}") = "csv-inventory-storage", "csv-inventory-storage\csv-inventory-storage.csproj", "{94508D91-1C12-4E67-A912-574CBB8C77D7}"
EndProject
Global
	GlobalSection(SolutionConfigurationPlatforms) = preSolution
		Debug|Any CPU = Debug|Any CPU
		Release|Any CPU = Release|Any CPU
	EndGlobalSection
	GlobalSection(ProjectConfigurationPlatforms) = postSolution
		{94508D91-1C12-4E67-A912-574CBB8C77D7}.Debug|Any CPU.ActiveCfg = Debug|Any CPU
		{94508D91-1C12-4E67-A912-574CBB8C77D7}.Debug|Any CPU.Build.0 = Debug|Any CPU
		{94508D91-1C12-4E67-A912-574CBB8C77D7}.Release|Any CPU.ActiveCfg = Release|Any CPU
		{94508D91-1C12-4E67-A912-574CBB8C77D7}.Release|Any CPU.Build.0 = Release|Any CPU
	EndGlobalSection
	GlobalSection(SolutionProperties) = preSolution
		HideSolutionNode = FALSE
	EndGlobalSection
	GlobalSection(ExtensibilityGlobals) = postSolution
		SolutionGuid = {592DD08F-094D-4A45-A49E-5964A6B53BD3}
	EndGlobalSection
EndGlobal
